
Microsoft Visual Studio Solution File, Format Version 12.00
# Visual Studio 14
VisualStudioVersion = 14.0.24720.0
MinimumVisualStudioVersion = 10.0.40219.1
Project("{FAE04EC0-301F-11D3-BF4B-00C04F79EFBC}") = "CheckoutKata", "CheckoutKata\CheckoutKata.csproj", "{699899A5-0C7F-4A80-BDED-FF02E0E6255D}"
EndProject
Global
	GlobalSection(SolutionConfigurationPlatforms) = preSolution
		Debug|Any CPU = Debug|Any CPU
		Release|Any CPU = Release|Any CPU
	EndGlobalSection
	GlobalSection(ProjectConfigurationPlatforms) = postSolution
		{699899A5-0C7F-4A80-BDED-FF02E0E6255D}.Debug|Any CPU.ActiveCfg = Debug|Any CPU
		{699899A5-0C7F-4A80-BDED-FF02E0E6255D}.Debug|Any CPU.Build.0 = Debug|Any CPU
		{699899A5-0C7F-4A80-BDED-FF02E0E6255D}.Release|Any CPU.ActiveCfg = Release|Any CPU
		{699899A5-0C7F-4A80-BDED-FF02E0E6255D}.Release|Any CPU.Build.0 = Release|Any CPU
	EndGlobalSection
	GlobalSection(SolutionProperties) = preSolution
		HideSolutionNode = FALSE
	EndGlobalSection
EndGlobal
